
Microsoft Visual Studio Solution File, Format Version 12.00
# Visual Studio Version 16
VisualStudioVersion = 16.0.32901.82
MinimumVisualStudioVersion = 10.0.40219.1
Project("{FAE04EC0-301F-11D3-BF4B-00C04F79EFBC}") = "u19221887_HW05", "u19221887_HW05\u19221887_HW05.csproj", "{D204FC01-E72B-4865-91DB-D938EE801751}"
EndProject
Global
	GlobalSection(SolutionConfigurationPlatforms) = preSolution
		Debug|Any CPU = Debug|Any CPU
		Release|Any CPU = Release|Any CPU
	EndGlobalSection
	GlobalSection(ProjectConfigurationPlatforms) = postSolution
		{D204FC01-E72B-4865-91DB-D938EE801751}.Debug|Any CPU.ActiveCfg = Debug|Any CPU
		{D204FC01-E72B-4865-91DB-D938EE801751}.Debug|Any CPU.Build.0 = Debug|Any CPU
		{D204FC01-E72B-4865-91DB-D938EE801751}.Release|Any CPU.ActiveCfg = Release|Any CPU
		{D204FC01-E72B-4865-91DB-D938EE801751}.Release|Any CPU.Build.0 = Release|Any CPU
	EndGlobalSection
	GlobalSection(SolutionProperties) = preSolution
		HideSolutionNode = FALSE
	EndGlobalSection
	GlobalSection(ExtensibilityGlobals) = postSolution
		SolutionGuid = {3E4E012C-65F0-43D7-BDAD-B866D8E02086}
	EndGlobalSection
EndGlobal
